
Microsoft Visual Studio Solution File, Format Version 12.00
# Visual Studio 2013
VisualStudioVersion = 12.0.31101.0
MinimumVisualStudioVersion = 10.0.40219.1
Project("{FAE04EC0-301F-11D3-BF4B-00C04F79EFBC}") = "01. FlyweightPattern", "FlyweightPattern\01. FlyweightPattern.csproj", "{2BC56535-7338-4A51-9253-FBCBCED4CB7E}"
EndProject
Project("{FAE04EC0-301F-11D3-BF4B-00C04F79EFBC}") = "02. ProxyPattern", "ProxyPattern\02. ProxyPattern.csproj", "{BC8878D1-435E-4796-8486-B400A59CC651}"
EndProject
Project("{FAE04EC0-301F-11D3-BF4B-00C04F79EFBC}") = "03. DecoratorPattern", "DecoratorPattern\03. DecoratorPattern.csproj", "{53079E7B-123A-45A6-A4DC-6ACC6D452F24}"
EndProject
Global
	GlobalSection(SolutionConfigurationPlatforms) = preSolution
		Debug|Any CPU = Debug|Any CPU
		Release|Any CPU = Release|Any CPU
	EndGlobalSection
	GlobalSection(ProjectConfigurationPlatforms) = postSolution
		{2BC56535-7338-4A51-9253-FBCBCED4CB7E}.Debug|Any CPU.ActiveCfg = Debug|Any CPU
		{2BC56535-7338-4A51-9253-FBCBCED4CB7E}.Debug|Any CPU.Build.0 = Debug|Any CPU
		{2BC56535-7338-4A51-9253-FBCBCED4CB7E}.Release|Any CPU.ActiveCfg = Release|Any CPU
		{2BC56535-7338-4A51-9253-FBCBCED4CB7E}.Release|Any CPU.Build.0 = Release|Any CPU
		{BC8878D1-435E-4796-8486-B400A59CC651}.Debug|Any CPU.ActiveCfg = Debug|Any CPU
		{BC8878D1-435E-4796-8486-B400A59CC651}.Debug|Any CPU.Build.0 = Debug|Any CPU
		{BC8878D1-435E-4796-8486-B400A59CC651}.Release|Any CPU.ActiveCfg = Release|Any CPU
		{BC8878D1-435E-4796-8486-B400A59CC651}.Release|Any CPU.Build.0 = Release|Any CPU
		{53079E7B-123A-45A6-A4DC-6ACC6D452F24}.Debug|Any CPU.ActiveCfg = Debug|Any CPU
		{53079E7B-123A-45A6-A4DC-6ACC6D452F24}.Debug|Any CPU.Build.0 = Debug|Any CPU
		{53079E7B-123A-45A6-A4DC-6ACC6D452F24}.Release|Any CPU.ActiveCfg = Release|Any CPU
		{53079E7B-123A-45A6-A4DC-6ACC6D452F24}.Release|Any CPU.Build.0 = Release|Any CPU
	EndGlobalSection
	GlobalSection(SolutionProperties) = preSolution
		HideSolutionNode = FALSE
	EndGlobalSection
EndGlobal
