
Microsoft Visual Studio Solution File, Format Version 12.00
# Visual Studio 2013
VisualStudioVersion = 12.0.31101.0
MinimumVisualStudioVersion = 10.0.40219.1
Project("{FAE04EC0-301F-11D3-BF4B-00C04F79EFBC}") = "01. FillTheMatrix", "FillTheMatrix\01. FillTheMatrix.csproj", "{F7A75BCD-D576-45FA-9D61-B5A4ABB122E5}"
EndProject
Project("{FAE04EC0-301F-11D3-BF4B-00C04F79EFBC}") = "02. MaximalSum", "MaximalSum\02. MaximalSum.csproj", "{712727E4-84B5-4515-AC5F-F31D14D593F8}"
EndProject
Project("{FAE04EC0-301F-11D3-BF4B-00C04F79EFBC}") = "03. SequenceNMatrix", "SequenceNMatrix\03. SequenceNMatrix.csproj", "{9AF58570-0233-4ACC-B8E4-7A67BF53DE56}"
EndProject
Project("{FAE04EC0-301F-11D3-BF4B-00C04F79EFBC}") = "04. BinarySearch", "BinarySearch\04. BinarySearch.csproj", "{BA2E2693-E9DA-4EA9-A3BB-6D3EC7C7AC0A}"
EndProject
Project("{FAE04EC0-301F-11D3-BF4B-00C04F79EFBC}") = "05. SortByStringLength", "SortByStringLength\05. SortByStringLength.csproj", "{E751F717-A953-4D4A-A423-228CED3EA497}"
EndProject
Project("{FAE04EC0-301F-11D3-BF4B-00C04F79EFBC}") = "06. MatrixClass", "MatrixClass\06. MatrixClass.csproj", "{A569A6C1-72AB-4A17-9A84-64862DC1D0A3}"
EndProject
Project("{FAE04EC0-301F-11D3-BF4B-00C04F79EFBC}") = "07. LargestAreaInMatrix", "LargestAreaInMatrix\07. LargestAreaInMatrix.csproj", "{DC76F195-B1D0-474C-9E5B-9C9740075156}"
EndProject
Global
	GlobalSection(SolutionConfigurationPlatforms) = preSolution
		Debug|Any CPU = Debug|Any CPU
		Release|Any CPU = Release|Any CPU
	EndGlobalSection
	GlobalSection(ProjectConfigurationPlatforms) = postSolution
		{F7A75BCD-D576-45FA-9D61-B5A4ABB122E5}.Debug|Any CPU.ActiveCfg = Debug|Any CPU
		{F7A75BCD-D576-45FA-9D61-B5A4ABB122E5}.Debug|Any CPU.Build.0 = Debug|Any CPU
		{F7A75BCD-D576-45FA-9D61-B5A4ABB122E5}.Release|Any CPU.ActiveCfg = Release|Any CPU
		{F7A75BCD-D576-45FA-9D61-B5A4ABB122E5}.Release|Any CPU.Build.0 = Release|Any CPU
		{712727E4-84B5-4515-AC5F-F31D14D593F8}.Debug|Any CPU.ActiveCfg = Debug|Any CPU
		{712727E4-84B5-4515-AC5F-F31D14D593F8}.Debug|Any CPU.Build.0 = Debug|Any CPU
		{712727E4-84B5-4515-AC5F-F31D14D593F8}.Release|Any CPU.ActiveCfg = Release|Any CPU
		{712727E4-84B5-4515-AC5F-F31D14D593F8}.Release|Any CPU.Build.0 = Release|Any CPU
		{9AF58570-0233-4ACC-B8E4-7A67BF53DE56}.Debug|Any CPU.ActiveCfg = Debug|Any CPU
		{9AF58570-0233-4ACC-B8E4-7A67BF53DE56}.Debug|Any CPU.Build.0 = Debug|Any CPU
		{9AF58570-0233-4ACC-B8E4-7A67BF53DE56}.Release|Any CPU.ActiveCfg = Release|Any CPU
		{9AF58570-0233-4ACC-B8E4-7A67BF53DE56}.Release|Any CPU.Build.0 = Release|Any CPU
		{BA2E2693-E9DA-4EA9-A3BB-6D3EC7C7AC0A}.Debug|Any CPU.ActiveCfg = Debug|Any CPU
		{BA2E2693-E9DA-4EA9-A3BB-6D3EC7C7AC0A}.Debug|Any CPU.Build.0 = Debug|Any CPU
		{BA2E2693-E9DA-4EA9-A3BB-6D3EC7C7AC0A}.Release|Any CPU.ActiveCfg = Release|Any CPU
		{BA2E2693-E9DA-4EA9-A3BB-6D3EC7C7AC0A}.Release|Any CPU.Build.0 = Release|Any CPU
		{E751F717-A953-4D4A-A423-228CED3EA497}.Debug|Any CPU.ActiveCfg = Debug|Any CPU
		{E751F717-A953-4D4A-A423-228CED3EA497}.Debug|Any CPU.Build.0 = Debug|Any CPU
		{E751F717-A953-4D4A-A423-228CED3EA497}.Release|Any CPU.ActiveCfg = Release|Any CPU
		{E751F717-A953-4D4A-A423-228CED3EA497}.Release|Any CPU.Build.0 = Release|Any CPU
		{A569A6C1-72AB-4A17-9A84-64862DC1D0A3}.Debug|Any CPU.ActiveCfg = Debug|Any CPU
		{A569A6C1-72AB-4A17-9A84-64862DC1D0A3}.Debug|Any CPU.Build.0 = Debug|Any CPU
		{A569A6C1-72AB-4A17-9A84-64862DC1D0A3}.Release|Any CPU.ActiveCfg = Release|Any CPU
		{A569A6C1-72AB-4A17-9A84-64862DC1D0A3}.Release|Any CPU.Build.0 = Release|Any CPU
		{DC76F195-B1D0-474C-9E5B-9C9740075156}.Debug|Any CPU.ActiveCfg = Debug|Any CPU
		{DC76F195-B1D0-474C-9E5B-9C9740075156}.Debug|Any CPU.Build.0 = Debug|Any CPU
		{DC76F195-B1D0-474C-9E5B-9C9740075156}.Release|Any CPU.ActiveCfg = Release|Any CPU
		{DC76F195-B1D0-474C-9E5B-9C9740075156}.Release|Any CPU.Build.0 = Release|Any CPU
	EndGlobalSection
	GlobalSection(SolutionProperties) = preSolution
		HideSolutionNode = FALSE
	EndGlobalSection
EndGlobal
