
Microsoft Visual Studio Solution File, Format Version 12.00
# Visual Studio 14
VisualStudioVersion = 14.0.24720.0
MinimumVisualStudioVersion = 10.0.40219.1
Project("{FAE04EC0-301F-11D3-BF4B-00C04F79EFBC}") = "01.DecimalToBinary", "01.DecimalToBinary\01.DecimalToBinary.csproj", "{1B064FAB-2CAB-4BB8-937F-65FEB4A4ECB4}"
EndProject
Project("{FAE04EC0-301F-11D3-BF4B-00C04F79EFBC}") = "02.BinaryToDecimal", "02.BinaryToDecimal\02.BinaryToDecimal.csproj", "{BFE328EB-A2D5-4B06-BB5F-5E250548E321}"
EndProject
Project("{FAE04EC0-301F-11D3-BF4B-00C04F79EFBC}") = "03.DecimalToHexadecimal", "03.DecimalToHexadecimal\03.DecimalToHexadecimal.csproj", "{29C9E6DA-FC0F-40E1-BBBB-7521DBFB224A}"
EndProject
Project("{FAE04EC0-301F-11D3-BF4B-00C04F79EFBC}") = "04.HexadecimalToDecimal", "04.HexadecimalToDecimal\04.HexadecimalToDecimal.csproj", "{73078575-F0F4-4DBF-929B-2757784E998F}"
EndProject
Project("{FAE04EC0-301F-11D3-BF4B-00C04F79EFBC}") = "05.HexadecimalToBinary", "05.HexadecimalToBinary\05.HexadecimalToBinary.csproj", "{383BB350-F642-452A-8508-8AA67ED1ACDE}"
EndProject
Project("{FAE04EC0-301F-11D3-BF4B-00C04F79EFBC}") = "06.BinaryToHexadecimal", "06.BinaryToHexadecimal\06.BinaryToHexadecimal.csproj", "{BD79FF9E-AD3F-41B7-B4E0-AE8EFCCA491F}"
EndProject
Project("{FAE04EC0-301F-11D3-BF4B-00C04F79EFBC}") = "07.OneSystemToAnyOther", "07.OneSystemToAnyOther\07.OneSystemToAnyOther.csproj", "{71FEC460-5210-4A58-A917-930D05ACC431}"
EndProject
Project("{FAE04EC0-301F-11D3-BF4B-00C04F79EFBC}") = "08.BinaryShort", "08.BinaryShort\08.BinaryShort.csproj", "{F17F319F-0793-420D-81C6-8697D0782C8E}"
EndProject
Project("{FAE04EC0-301F-11D3-BF4B-00C04F79EFBC}") = "09.BinaryFloatingPoint", "09.BinaryFloatingPoint\09.BinaryFloatingPoint.csproj", "{D1BC59FF-4736-4BCF-9A69-9C356E10F14B}"
EndProject
Global
	GlobalSection(SolutionConfigurationPlatforms) = preSolution
		Debug|Any CPU = Debug|Any CPU
		Release|Any CPU = Release|Any CPU
	EndGlobalSection
	GlobalSection(ProjectConfigurationPlatforms) = postSolution
		{1B064FAB-2CAB-4BB8-937F-65FEB4A4ECB4}.Debug|Any CPU.ActiveCfg = Debug|Any CPU
		{1B064FAB-2CAB-4BB8-937F-65FEB4A4ECB4}.Debug|Any CPU.Build.0 = Debug|Any CPU
		{1B064FAB-2CAB-4BB8-937F-65FEB4A4ECB4}.Release|Any CPU.ActiveCfg = Release|Any CPU
		{1B064FAB-2CAB-4BB8-937F-65FEB4A4ECB4}.Release|Any CPU.Build.0 = Release|Any CPU
		{BFE328EB-A2D5-4B06-BB5F-5E250548E321}.Debug|Any CPU.ActiveCfg = Debug|Any CPU
		{BFE328EB-A2D5-4B06-BB5F-5E250548E321}.Debug|Any CPU.Build.0 = Debug|Any CPU
		{BFE328EB-A2D5-4B06-BB5F-5E250548E321}.Release|Any CPU.ActiveCfg = Release|Any CPU
		{BFE328EB-A2D5-4B06-BB5F-5E250548E321}.Release|Any CPU.Build.0 = Release|Any CPU
		{29C9E6DA-FC0F-40E1-BBBB-7521DBFB224A}.Debug|Any CPU.ActiveCfg = Debug|Any CPU
		{29C9E6DA-FC0F-40E1-BBBB-7521DBFB224A}.Debug|Any CPU.Build.0 = Debug|Any CPU
		{29C9E6DA-FC0F-40E1-BBBB-7521DBFB224A}.Release|Any CPU.ActiveCfg = Release|Any CPU
		{29C9E6DA-FC0F-40E1-BBBB-7521DBFB224A}.Release|Any CPU.Build.0 = Release|Any CPU
		{73078575-F0F4-4DBF-929B-2757784E998F}.Debug|Any CPU.ActiveCfg = Debug|Any CPU
		{73078575-F0F4-4DBF-929B-2757784E998F}.Debug|Any CPU.Build.0 = Debug|Any CPU
		{73078575-F0F4-4DBF-929B-2757784E998F}.Release|Any CPU.ActiveCfg = Release|Any CPU
		{73078575-F0F4-4DBF-929B-2757784E998F}.Release|Any CPU.Build.0 = Release|Any CPU
		{383BB350-F642-452A-8508-8AA67ED1ACDE}.Debug|Any CPU.ActiveCfg = Debug|Any CPU
		{383BB350-F642-452A-8508-8AA67ED1ACDE}.Debug|Any CPU.Build.0 = Debug|Any CPU
		{383BB350-F642-452A-8508-8AA67ED1ACDE}.Release|Any CPU.ActiveCfg = Release|Any CPU
		{383BB350-F642-452A-8508-8AA67ED1ACDE}.Release|Any CPU.Build.0 = Release|Any CPU
		{BD79FF9E-AD3F-41B7-B4E0-AE8EFCCA491F}.Debug|Any CPU.ActiveCfg = Debug|Any CPU
		{BD79FF9E-AD3F-41B7-B4E0-AE8EFCCA491F}.Debug|Any CPU.Build.0 = Debug|Any CPU
		{BD79FF9E-AD3F-41B7-B4E0-AE8EFCCA491F}.Release|Any CPU.ActiveCfg = Release|Any CPU
		{BD79FF9E-AD3F-41B7-B4E0-AE8EFCCA491F}.Release|Any CPU.Build.0 = Release|Any CPU
		{71FEC460-5210-4A58-A917-930D05ACC431}.Debug|Any CPU.ActiveCfg = Debug|Any CPU
		{71FEC460-5210-4A58-A917-930D05ACC431}.Debug|Any CPU.Build.0 = Debug|Any CPU
		{71FEC460-5210-4A58-A917-930D05ACC431}.Release|Any CPU.ActiveCfg = Release|Any CPU
		{71FEC460-5210-4A58-A917-930D05ACC431}.Release|Any CPU.Build.0 = Release|Any CPU
		{F17F319F-0793-420D-81C6-8697D0782C8E}.Debug|Any CPU.ActiveCfg = Debug|Any CPU
		{F17F319F-0793-420D-81C6-8697D0782C8E}.Debug|Any CPU.Build.0 = Debug|Any CPU
		{F17F319F-0793-420D-81C6-8697D0782C8E}.Release|Any CPU.ActiveCfg = Release|Any CPU
		{F17F319F-0793-420D-81C6-8697D0782C8E}.Release|Any CPU.Build.0 = Release|Any CPU
		{D1BC59FF-4736-4BCF-9A69-9C356E10F14B}.Debug|Any CPU.ActiveCfg = Debug|Any CPU
		{D1BC59FF-4736-4BCF-9A69-9C356E10F14B}.Debug|Any CPU.Build.0 = Debug|Any CPU
		{D1BC59FF-4736-4BCF-9A69-9C356E10F14B}.Release|Any CPU.ActiveCfg = Release|Any CPU
		{D1BC59FF-4736-4BCF-9A69-9C356E10F14B}.Release|Any CPU.Build.0 = Release|Any CPU
	EndGlobalSection
	GlobalSection(SolutionProperties) = preSolution
		HideSolutionNode = FALSE
	EndGlobalSection
EndGlobal
