
Microsoft Visual Studio Solution File, Format Version 12.00
# Visual Studio 14
VisualStudioVersion = 14.0.25420.1
MinimumVisualStudioVersion = 10.0.40219.1
Project("{FAE04EC0-301F-11D3-BF4B-00C04F79EFBC}") = "01.SolarSystem", "01.SolarSystem\01.SolarSystem.csproj", "{2F30E9AF-8256-40AF-B356-EA14E55CE9D7}"
EndProject
Project("{FAE04EC0-301F-11D3-BF4B-00C04F79EFBC}") = "02.CompareSimpleMaths", "02.CompareSimpleMaths\02.CompareSimpleMaths.csproj", "{7C8E595A-4A2A-4F62-8D5A-25B8E1181313}"
EndProject
Project("{FAE04EC0-301F-11D3-BF4B-00C04F79EFBC}") = "03.AdvancedMathOperations", "03.AdvancedMathOperations\03.AdvancedMathOperations.csproj", "{81ED75FB-F593-4F99-810A-1AE0AB0CD624}"
EndProject
Project("{FAE04EC0-301F-11D3-BF4B-00C04F79EFBC}") = "04.CompareSortAlgorithms", "04.CompareSortAlgorithms\04.CompareSortAlgorithms.csproj", "{0B151FD7-FFFF-4B7C-94C8-86FB83F54A20}"
EndProject
Global
	GlobalSection(SolutionConfigurationPlatforms) = preSolution
		Debug|Any CPU = Debug|Any CPU
		Release|Any CPU = Release|Any CPU
	EndGlobalSection
	GlobalSection(ProjectConfigurationPlatforms) = postSolution
		{2F30E9AF-8256-40AF-B356-EA14E55CE9D7}.Debug|Any CPU.ActiveCfg = Debug|Any CPU
		{2F30E9AF-8256-40AF-B356-EA14E55CE9D7}.Debug|Any CPU.Build.0 = Debug|Any CPU
		{2F30E9AF-8256-40AF-B356-EA14E55CE9D7}.Release|Any CPU.ActiveCfg = Release|Any CPU
		{2F30E9AF-8256-40AF-B356-EA14E55CE9D7}.Release|Any CPU.Build.0 = Release|Any CPU
		{7C8E595A-4A2A-4F62-8D5A-25B8E1181313}.Debug|Any CPU.ActiveCfg = Debug|Any CPU
		{7C8E595A-4A2A-4F62-8D5A-25B8E1181313}.Debug|Any CPU.Build.0 = Debug|Any CPU
		{7C8E595A-4A2A-4F62-8D5A-25B8E1181313}.Release|Any CPU.ActiveCfg = Release|Any CPU
		{7C8E595A-4A2A-4F62-8D5A-25B8E1181313}.Release|Any CPU.Build.0 = Release|Any CPU
		{81ED75FB-F593-4F99-810A-1AE0AB0CD624}.Debug|Any CPU.ActiveCfg = Debug|Any CPU
		{81ED75FB-F593-4F99-810A-1AE0AB0CD624}.Debug|Any CPU.Build.0 = Debug|Any CPU
		{81ED75FB-F593-4F99-810A-1AE0AB0CD624}.Release|Any CPU.ActiveCfg = Release|Any CPU
		{81ED75FB-F593-4F99-810A-1AE0AB0CD624}.Release|Any CPU.Build.0 = Release|Any CPU
		{0B151FD7-FFFF-4B7C-94C8-86FB83F54A20}.Debug|Any CPU.ActiveCfg = Debug|Any CPU
		{0B151FD7-FFFF-4B7C-94C8-86FB83F54A20}.Debug|Any CPU.Build.0 = Debug|Any CPU
		{0B151FD7-FFFF-4B7C-94C8-86FB83F54A20}.Release|Any CPU.ActiveCfg = Release|Any CPU
		{0B151FD7-FFFF-4B7C-94C8-86FB83F54A20}.Release|Any CPU.Build.0 = Release|Any CPU
	EndGlobalSection
	GlobalSection(SolutionProperties) = preSolution
		HideSolutionNode = FALSE
	EndGlobalSection
EndGlobal
