
Microsoft Visual Studio Solution File, Format Version 12.00
# Visual Studio 14
VisualStudioVersion = 14.0.25420.1
MinimumVisualStudioVersion = 10.0.40219.1
Project("{FAE04EC0-301F-11D3-BF4B-00C04F79EFBC}") = "01-02.GoodAbstactonAndEncapsulation", "01-02.GoodAbstactonAndEncapsulation\01-02.GoodAbstactonAndEncapsulation.csproj", "{526385A4-6C87-49CA-B1B6-B8251970B996}"
EndProject
Project("{FAE04EC0-301F-11D3-BF4B-00C04F79EFBC}") = "03.CohesionAndCoupling", "03.CohesionAndCoupling\03.CohesionAndCoupling.csproj", "{75082A88-E383-4049-A24E-ADD542C16D94}"
EndProject
Project("{FAE04EC0-301F-11D3-BF4B-00C04F79EFBC}") = "04.InheritanceAndPolymorphism", "04.InheritanceAndPolymorphism\04.InheritanceAndPolymorphism.csproj", "{00558627-7560-442F-B13B-CB3DD58942B9}"
EndProject
Global
	GlobalSection(SolutionConfigurationPlatforms) = preSolution
		Debug|Any CPU = Debug|Any CPU
		Release|Any CPU = Release|Any CPU
	EndGlobalSection
	GlobalSection(ProjectConfigurationPlatforms) = postSolution
		{526385A4-6C87-49CA-B1B6-B8251970B996}.Debug|Any CPU.ActiveCfg = Debug|Any CPU
		{526385A4-6C87-49CA-B1B6-B8251970B996}.Debug|Any CPU.Build.0 = Debug|Any CPU
		{526385A4-6C87-49CA-B1B6-B8251970B996}.Release|Any CPU.ActiveCfg = Release|Any CPU
		{526385A4-6C87-49CA-B1B6-B8251970B996}.Release|Any CPU.Build.0 = Release|Any CPU
		{75082A88-E383-4049-A24E-ADD542C16D94}.Debug|Any CPU.ActiveCfg = Debug|Any CPU
		{75082A88-E383-4049-A24E-ADD542C16D94}.Debug|Any CPU.Build.0 = Debug|Any CPU
		{75082A88-E383-4049-A24E-ADD542C16D94}.Release|Any CPU.ActiveCfg = Release|Any CPU
		{75082A88-E383-4049-A24E-ADD542C16D94}.Release|Any CPU.Build.0 = Release|Any CPU
		{00558627-7560-442F-B13B-CB3DD58942B9}.Debug|Any CPU.ActiveCfg = Debug|Any CPU
		{00558627-7560-442F-B13B-CB3DD58942B9}.Debug|Any CPU.Build.0 = Debug|Any CPU
		{00558627-7560-442F-B13B-CB3DD58942B9}.Release|Any CPU.ActiveCfg = Release|Any CPU
		{00558627-7560-442F-B13B-CB3DD58942B9}.Release|Any CPU.Build.0 = Release|Any CPU
	EndGlobalSection
	GlobalSection(SolutionProperties) = preSolution
		HideSolutionNode = FALSE
	EndGlobalSection
EndGlobal
