
Microsoft Visual Studio Solution File, Format Version 12.00
# Visual Studio 14
VisualStudioVersion = 14.0.24720.0
MinimumVisualStudioVersion = 10.0.40219.1
Project("{FAE04EC0-301F-11D3-BF4B-00C04F79EFBC}") = "01.SchoolClasses", "01.SchoolClasses\01.SchoolClasses.csproj", "{6185452A-44F6-4C01-9F8C-B3FD8D445DBF}"
EndProject
Project("{FAE04EC0-301F-11D3-BF4B-00C04F79EFBC}") = "02.StudentsAndWorkers", "02.StudentsAndWorkers\02.StudentsAndWorkers.csproj", "{BB76718B-0BD5-4119-8AA7-99E57A554DE2}"
EndProject
Project("{FAE04EC0-301F-11D3-BF4B-00C04F79EFBC}") = "03.AnimalsHierarchy", "03.AnimalsHierarchy\03.AnimalsHierarchy.csproj", "{8C3B650A-042C-48B2-AA08-67DBBE1CA158}"
EndProject
Global
	GlobalSection(SolutionConfigurationPlatforms) = preSolution
		Debug|Any CPU = Debug|Any CPU
		Release|Any CPU = Release|Any CPU
	EndGlobalSection
	GlobalSection(ProjectConfigurationPlatforms) = postSolution
		{6185452A-44F6-4C01-9F8C-B3FD8D445DBF}.Debug|Any CPU.ActiveCfg = Debug|Any CPU
		{6185452A-44F6-4C01-9F8C-B3FD8D445DBF}.Debug|Any CPU.Build.0 = Debug|Any CPU
		{6185452A-44F6-4C01-9F8C-B3FD8D445DBF}.Release|Any CPU.ActiveCfg = Release|Any CPU
		{6185452A-44F6-4C01-9F8C-B3FD8D445DBF}.Release|Any CPU.Build.0 = Release|Any CPU
		{BB76718B-0BD5-4119-8AA7-99E57A554DE2}.Debug|Any CPU.ActiveCfg = Debug|Any CPU
		{BB76718B-0BD5-4119-8AA7-99E57A554DE2}.Debug|Any CPU.Build.0 = Debug|Any CPU
		{BB76718B-0BD5-4119-8AA7-99E57A554DE2}.Release|Any CPU.ActiveCfg = Release|Any CPU
		{BB76718B-0BD5-4119-8AA7-99E57A554DE2}.Release|Any CPU.Build.0 = Release|Any CPU
		{8C3B650A-042C-48B2-AA08-67DBBE1CA158}.Debug|Any CPU.ActiveCfg = Debug|Any CPU
		{8C3B650A-042C-48B2-AA08-67DBBE1CA158}.Debug|Any CPU.Build.0 = Debug|Any CPU
		{8C3B650A-042C-48B2-AA08-67DBBE1CA158}.Release|Any CPU.ActiveCfg = Release|Any CPU
		{8C3B650A-042C-48B2-AA08-67DBBE1CA158}.Release|Any CPU.Build.0 = Release|Any CPU
	EndGlobalSection
	GlobalSection(SolutionProperties) = preSolution
		HideSolutionNode = FALSE
	EndGlobalSection
EndGlobal
