
Microsoft Visual Studio Solution File, Format Version 12.00
# Visual Studio 14
VisualStudioVersion = 14.0.25420.1
MinimumVisualStudioVersion = 10.0.40219.1
Project("{FAE04EC0-301F-11D3-BF4B-00C04F79EFBC}") = "01.CalculateMethodsTask", "01.HighQualityMethodsTask\01.CalculateMethodsTask.csproj", "{D5CEB533-0E79-43F8-BC10-BF4B9BDBCE72}"
EndProject
Project("{FAE04EC0-301F-11D3-BF4B-00C04F79EFBC}") = "02.StudentsTask", "02.StudentsTask\02.StudentsTask.csproj", "{C1336B0D-662C-4BC6-BA65-624DD37B6952}"
EndProject
Project("{FAE04EC0-301F-11D3-BF4B-00C04F79EFBC}") = "03.ExamTaskMessages", "03.ExamTaskMessages\03.ExamTaskMessages.csproj", "{958A464E-2008-4668-B575-B36868A981C0}"
EndProject
Project("{FAE04EC0-301F-11D3-BF4B-00C04F79EFBC}") = "04.ExamTaskDancingMoves", "04.ExamTaskDancingMoves\04.ExamTaskDancingMoves.csproj", "{5EF9AABA-EC56-4F11-A644-488CD26D0D8E}"
EndProject
Global
	GlobalSection(SolutionConfigurationPlatforms) = preSolution
		Debug|Any CPU = Debug|Any CPU
		Release|Any CPU = Release|Any CPU
	EndGlobalSection
	GlobalSection(ProjectConfigurationPlatforms) = postSolution
		{D5CEB533-0E79-43F8-BC10-BF4B9BDBCE72}.Debug|Any CPU.ActiveCfg = Debug|Any CPU
		{D5CEB533-0E79-43F8-BC10-BF4B9BDBCE72}.Debug|Any CPU.Build.0 = Debug|Any CPU
		{D5CEB533-0E79-43F8-BC10-BF4B9BDBCE72}.Release|Any CPU.ActiveCfg = Release|Any CPU
		{D5CEB533-0E79-43F8-BC10-BF4B9BDBCE72}.Release|Any CPU.Build.0 = Release|Any CPU
		{C1336B0D-662C-4BC6-BA65-624DD37B6952}.Debug|Any CPU.ActiveCfg = Debug|Any CPU
		{C1336B0D-662C-4BC6-BA65-624DD37B6952}.Debug|Any CPU.Build.0 = Debug|Any CPU
		{C1336B0D-662C-4BC6-BA65-624DD37B6952}.Release|Any CPU.ActiveCfg = Release|Any CPU
		{C1336B0D-662C-4BC6-BA65-624DD37B6952}.Release|Any CPU.Build.0 = Release|Any CPU
		{958A464E-2008-4668-B575-B36868A981C0}.Debug|Any CPU.ActiveCfg = Debug|Any CPU
		{958A464E-2008-4668-B575-B36868A981C0}.Debug|Any CPU.Build.0 = Debug|Any CPU
		{958A464E-2008-4668-B575-B36868A981C0}.Release|Any CPU.ActiveCfg = Release|Any CPU
		{958A464E-2008-4668-B575-B36868A981C0}.Release|Any CPU.Build.0 = Release|Any CPU
		{5EF9AABA-EC56-4F11-A644-488CD26D0D8E}.Debug|Any CPU.ActiveCfg = Debug|Any CPU
		{5EF9AABA-EC56-4F11-A644-488CD26D0D8E}.Debug|Any CPU.Build.0 = Debug|Any CPU
		{5EF9AABA-EC56-4F11-A644-488CD26D0D8E}.Release|Any CPU.ActiveCfg = Release|Any CPU
		{5EF9AABA-EC56-4F11-A644-488CD26D0D8E}.Release|Any CPU.Build.0 = Release|Any CPU
	EndGlobalSection
	GlobalSection(SolutionProperties) = preSolution
		HideSolutionNode = FALSE
	EndGlobalSection
EndGlobal
