
Microsoft Visual Studio Solution File, Format Version 12.00
# Visual Studio 14
VisualStudioVersion = 14.0.24720.0
MinimumVisualStudioVersion = 10.0.40219.1
Project("{FAE04EC0-301F-11D3-BF4B-00C04F79EFBC}") = "01.Shapes", "01.Shapes\01.Shapes.csproj", "{19E5A9B2-4B90-4759-9DCE-CAAF75BDA945}"
EndProject
Project("{FAE04EC0-301F-11D3-BF4B-00C04F79EFBC}") = "02.BankAccounts", "02.BankAccounts\02.BankAccounts.csproj", "{EE36A80C-6805-49E9-A69E-5B07D78BF9AE}"
EndProject
Project("{FAE04EC0-301F-11D3-BF4B-00C04F79EFBC}") = "03.RangeExceptions", "03.RangeExceptions\03.RangeExceptions.csproj", "{0400F80E-E1F6-4E0B-B655-375828C010FB}"
EndProject
Global
	GlobalSection(SolutionConfigurationPlatforms) = preSolution
		Debug|Any CPU = Debug|Any CPU
		Release|Any CPU = Release|Any CPU
	EndGlobalSection
	GlobalSection(ProjectConfigurationPlatforms) = postSolution
		{19E5A9B2-4B90-4759-9DCE-CAAF75BDA945}.Debug|Any CPU.ActiveCfg = Debug|Any CPU
		{19E5A9B2-4B90-4759-9DCE-CAAF75BDA945}.Debug|Any CPU.Build.0 = Debug|Any CPU
		{19E5A9B2-4B90-4759-9DCE-CAAF75BDA945}.Release|Any CPU.ActiveCfg = Release|Any CPU
		{19E5A9B2-4B90-4759-9DCE-CAAF75BDA945}.Release|Any CPU.Build.0 = Release|Any CPU
		{EE36A80C-6805-49E9-A69E-5B07D78BF9AE}.Debug|Any CPU.ActiveCfg = Debug|Any CPU
		{EE36A80C-6805-49E9-A69E-5B07D78BF9AE}.Debug|Any CPU.Build.0 = Debug|Any CPU
		{EE36A80C-6805-49E9-A69E-5B07D78BF9AE}.Release|Any CPU.ActiveCfg = Release|Any CPU
		{EE36A80C-6805-49E9-A69E-5B07D78BF9AE}.Release|Any CPU.Build.0 = Release|Any CPU
		{0400F80E-E1F6-4E0B-B655-375828C010FB}.Debug|Any CPU.ActiveCfg = Debug|Any CPU
		{0400F80E-E1F6-4E0B-B655-375828C010FB}.Debug|Any CPU.Build.0 = Debug|Any CPU
		{0400F80E-E1F6-4E0B-B655-375828C010FB}.Release|Any CPU.ActiveCfg = Release|Any CPU
		{0400F80E-E1F6-4E0B-B655-375828C010FB}.Release|Any CPU.Build.0 = Release|Any CPU
	EndGlobalSection
	GlobalSection(SolutionProperties) = preSolution
		HideSolutionNode = FALSE
	EndGlobalSection
EndGlobal
