
Microsoft Visual Studio Solution File, Format Version 12.00
# Visual Studio 14
VisualStudioVersion = 14.0.23107.0
MinimumVisualStudioVersion = 10.0.40219.1
Project("{FAE04EC0-301F-11D3-BF4B-00C04F79EFBC}") = "01. PriorityQueueImplementation", "PriorityQueueImplementation\01. PriorityQueueImplementation.csproj", "{C623D6D8-F333-4A12-93BA-EB1D5D059F92}"
EndProject
Project("{FAE04EC0-301F-11D3-BF4B-00C04F79EFBC}") = "02. ReadLargeCollectionOfProducts", "ReadLargeCollectionOfProducts\02. ReadLargeCollectionOfProducts.csproj", "{8E6BA315-7AE6-4B67-B0D5-078FCB1A3EC2}"
EndProject
Project("{FAE04EC0-301F-11D3-BF4B-00C04F79EFBC}") = "03. CountWordsInLargeText", "CountWordsInLargeText\03. CountWordsInLargeText.csproj", "{6A1C3F86-E530-4459-A7F0-93319CF43637}"
EndProject
Global
	GlobalSection(SolutionConfigurationPlatforms) = preSolution
		Debug|Any CPU = Debug|Any CPU
		Release|Any CPU = Release|Any CPU
	EndGlobalSection
	GlobalSection(ProjectConfigurationPlatforms) = postSolution
		{C623D6D8-F333-4A12-93BA-EB1D5D059F92}.Debug|Any CPU.ActiveCfg = Debug|Any CPU
		{C623D6D8-F333-4A12-93BA-EB1D5D059F92}.Debug|Any CPU.Build.0 = Debug|Any CPU
		{C623D6D8-F333-4A12-93BA-EB1D5D059F92}.Release|Any CPU.ActiveCfg = Release|Any CPU
		{C623D6D8-F333-4A12-93BA-EB1D5D059F92}.Release|Any CPU.Build.0 = Release|Any CPU
		{8E6BA315-7AE6-4B67-B0D5-078FCB1A3EC2}.Debug|Any CPU.ActiveCfg = Debug|Any CPU
		{8E6BA315-7AE6-4B67-B0D5-078FCB1A3EC2}.Debug|Any CPU.Build.0 = Debug|Any CPU
		{8E6BA315-7AE6-4B67-B0D5-078FCB1A3EC2}.Release|Any CPU.ActiveCfg = Release|Any CPU
		{8E6BA315-7AE6-4B67-B0D5-078FCB1A3EC2}.Release|Any CPU.Build.0 = Release|Any CPU
		{6A1C3F86-E530-4459-A7F0-93319CF43637}.Debug|Any CPU.ActiveCfg = Debug|Any CPU
		{6A1C3F86-E530-4459-A7F0-93319CF43637}.Debug|Any CPU.Build.0 = Debug|Any CPU
		{6A1C3F86-E530-4459-A7F0-93319CF43637}.Release|Any CPU.ActiveCfg = Release|Any CPU
		{6A1C3F86-E530-4459-A7F0-93319CF43637}.Release|Any CPU.Build.0 = Release|Any CPU
	EndGlobalSection
	GlobalSection(SolutionProperties) = preSolution
		HideSolutionNode = FALSE
	EndGlobalSection
EndGlobal
