
Microsoft Visual Studio Solution File, Format Version 12.00
# Visual Studio 14
VisualStudioVersion = 14.0.24720.0
MinimumVisualStudioVersion = 10.0.40219.1
Project("{FAE04EC0-301F-11D3-BF4B-00C04F79EFBC}") = "01.StringBuilderSubstring", "StringBuilderSubstring\01.StringBuilderSubstring.csproj", "{9011FA10-8A8F-4C48-8B4D-32C8059AF65A}"
EndProject
Project("{FAE04EC0-301F-11D3-BF4B-00C04F79EFBC}") = "02.IEnumerableExtensions", "IEnumerableExtensions\02.IEnumerableExtensions.csproj", "{04F59992-A929-4EFF-B55D-E328A2B459B9}"
EndProject
Project("{FAE04EC0-301F-11D3-BF4B-00C04F79EFBC}") = "03.-05. Students", "Students\03.-05. Students.csproj", "{C1182B15-298F-41B9-820F-159D4DF8E95C}"
EndProject
Project("{FAE04EC0-301F-11D3-BF4B-00C04F79EFBC}") = "06. DivisibleBy7And3", "DivisibleBy7And3\06. DivisibleBy7And3.csproj", "{AC1409A8-BFA8-42FE-9AD1-59D8A9A5E3FB}"
EndProject
Project("{FAE04EC0-301F-11D3-BF4B-00C04F79EFBC}") = "07. Timer", "Timer\07. Timer.csproj", "{1EB25520-30FB-4A3C-A443-0710E342F136}"
EndProject
Project("{FAE04EC0-301F-11D3-BF4B-00C04F79EFBC}") = "08. Events", "Events\08. Events.csproj", "{A15F63AF-C01D-48F8-AD56-697EB4F68950}"
EndProject
Project("{FAE04EC0-301F-11D3-BF4B-00C04F79EFBC}") = "09.-19.ExtractStudentsInfo", "ExtractStudentsInfo\09.-19.ExtractStudentsInfo.csproj", "{341C2829-325D-4796-9731-FC669A0ECE54}"
EndProject
Project("{FAE04EC0-301F-11D3-BF4B-00C04F79EFBC}") = "20. InfiniteConvergentSeries", "InfiniteConvergentSeries\20. InfiniteConvergentSeries.csproj", "{2BBAD41C-53C6-44E9-AB71-0425B687FA65}"
EndProject
Global
	GlobalSection(SolutionConfigurationPlatforms) = preSolution
		Debug|Any CPU = Debug|Any CPU
		Release|Any CPU = Release|Any CPU
	EndGlobalSection
	GlobalSection(ProjectConfigurationPlatforms) = postSolution
		{9011FA10-8A8F-4C48-8B4D-32C8059AF65A}.Debug|Any CPU.ActiveCfg = Debug|Any CPU
		{9011FA10-8A8F-4C48-8B4D-32C8059AF65A}.Debug|Any CPU.Build.0 = Debug|Any CPU
		{9011FA10-8A8F-4C48-8B4D-32C8059AF65A}.Release|Any CPU.ActiveCfg = Release|Any CPU
		{9011FA10-8A8F-4C48-8B4D-32C8059AF65A}.Release|Any CPU.Build.0 = Release|Any CPU
		{04F59992-A929-4EFF-B55D-E328A2B459B9}.Debug|Any CPU.ActiveCfg = Debug|Any CPU
		{04F59992-A929-4EFF-B55D-E328A2B459B9}.Debug|Any CPU.Build.0 = Debug|Any CPU
		{04F59992-A929-4EFF-B55D-E328A2B459B9}.Release|Any CPU.ActiveCfg = Release|Any CPU
		{04F59992-A929-4EFF-B55D-E328A2B459B9}.Release|Any CPU.Build.0 = Release|Any CPU
		{C1182B15-298F-41B9-820F-159D4DF8E95C}.Debug|Any CPU.ActiveCfg = Debug|Any CPU
		{C1182B15-298F-41B9-820F-159D4DF8E95C}.Debug|Any CPU.Build.0 = Debug|Any CPU
		{C1182B15-298F-41B9-820F-159D4DF8E95C}.Release|Any CPU.ActiveCfg = Release|Any CPU
		{C1182B15-298F-41B9-820F-159D4DF8E95C}.Release|Any CPU.Build.0 = Release|Any CPU
		{AC1409A8-BFA8-42FE-9AD1-59D8A9A5E3FB}.Debug|Any CPU.ActiveCfg = Debug|Any CPU
		{AC1409A8-BFA8-42FE-9AD1-59D8A9A5E3FB}.Debug|Any CPU.Build.0 = Debug|Any CPU
		{AC1409A8-BFA8-42FE-9AD1-59D8A9A5E3FB}.Release|Any CPU.ActiveCfg = Release|Any CPU
		{AC1409A8-BFA8-42FE-9AD1-59D8A9A5E3FB}.Release|Any CPU.Build.0 = Release|Any CPU
		{1EB25520-30FB-4A3C-A443-0710E342F136}.Debug|Any CPU.ActiveCfg = Debug|Any CPU
		{1EB25520-30FB-4A3C-A443-0710E342F136}.Debug|Any CPU.Build.0 = Debug|Any CPU
		{1EB25520-30FB-4A3C-A443-0710E342F136}.Release|Any CPU.ActiveCfg = Release|Any CPU
		{1EB25520-30FB-4A3C-A443-0710E342F136}.Release|Any CPU.Build.0 = Release|Any CPU
		{A15F63AF-C01D-48F8-AD56-697EB4F68950}.Debug|Any CPU.ActiveCfg = Debug|Any CPU
		{A15F63AF-C01D-48F8-AD56-697EB4F68950}.Debug|Any CPU.Build.0 = Debug|Any CPU
		{A15F63AF-C01D-48F8-AD56-697EB4F68950}.Release|Any CPU.ActiveCfg = Release|Any CPU
		{A15F63AF-C01D-48F8-AD56-697EB4F68950}.Release|Any CPU.Build.0 = Release|Any CPU
		{341C2829-325D-4796-9731-FC669A0ECE54}.Debug|Any CPU.ActiveCfg = Debug|Any CPU
		{341C2829-325D-4796-9731-FC669A0ECE54}.Debug|Any CPU.Build.0 = Debug|Any CPU
		{341C2829-325D-4796-9731-FC669A0ECE54}.Release|Any CPU.ActiveCfg = Release|Any CPU
		{341C2829-325D-4796-9731-FC669A0ECE54}.Release|Any CPU.Build.0 = Release|Any CPU
		{2BBAD41C-53C6-44E9-AB71-0425B687FA65}.Debug|Any CPU.ActiveCfg = Debug|Any CPU
		{2BBAD41C-53C6-44E9-AB71-0425B687FA65}.Debug|Any CPU.Build.0 = Debug|Any CPU
		{2BBAD41C-53C6-44E9-AB71-0425B687FA65}.Release|Any CPU.ActiveCfg = Release|Any CPU
		{2BBAD41C-53C6-44E9-AB71-0425B687FA65}.Release|Any CPU.Build.0 = Release|Any CPU
	EndGlobalSection
	GlobalSection(SolutionProperties) = preSolution
		HideSolutionNode = FALSE
	EndGlobalSection
EndGlobal
