
Microsoft Visual Studio Solution File, Format Version 12.00
# Visual Studio 14
VisualStudioVersion = 14.0.24720.0
MinimumVisualStudioVersion = 10.0.40219.1
Project("{FAE04EC0-301F-11D3-BF4B-00C04F79EFBC}") = "01.StringBuilderExtention", "01.StringBuilderExtention\01.StringBuilderExtention.csproj", "{2F73D676-807D-48E4-BBBF-CFA33CF485A6}"
EndProject
Project("{FAE04EC0-301F-11D3-BF4B-00C04F79EFBC}") = "02.IEnumerableExtensions", "02.IEnumerableExtensions\02.IEnumerableExtensions.csproj", "{CF6CCEB8-58D6-4AF2-9033-BC322498C5BA}"
EndProject
Project("{FAE04EC0-301F-11D3-BF4B-00C04F79EFBC}") = "03-05.Students", "03-05.Students\03-05.Students.csproj", "{C87FFBF8-47A5-4B27-9F53-9DBA1CD573EA}"
EndProject
Project("{FAE04EC0-301F-11D3-BF4B-00C04F79EFBC}") = "06.DivisibleBy7And3", "06.DivisibleBy7And3\06.DivisibleBy7And3.csproj", "{921C7B6B-C59D-4168-A992-6332FF14598C}"
EndProject
Project("{FAE04EC0-301F-11D3-BF4B-00C04F79EFBC}") = "07.Timer", "07.Timer\07.Timer.csproj", "{A75FBB67-5EAB-491B-9FB1-319390AC08B6}"
EndProject
Global
	GlobalSection(SolutionConfigurationPlatforms) = preSolution
		Debug|Any CPU = Debug|Any CPU
		Release|Any CPU = Release|Any CPU
	EndGlobalSection
	GlobalSection(ProjectConfigurationPlatforms) = postSolution
		{2F73D676-807D-48E4-BBBF-CFA33CF485A6}.Debug|Any CPU.ActiveCfg = Debug|Any CPU
		{2F73D676-807D-48E4-BBBF-CFA33CF485A6}.Debug|Any CPU.Build.0 = Debug|Any CPU
		{2F73D676-807D-48E4-BBBF-CFA33CF485A6}.Release|Any CPU.ActiveCfg = Release|Any CPU
		{2F73D676-807D-48E4-BBBF-CFA33CF485A6}.Release|Any CPU.Build.0 = Release|Any CPU
		{CF6CCEB8-58D6-4AF2-9033-BC322498C5BA}.Debug|Any CPU.ActiveCfg = Debug|Any CPU
		{CF6CCEB8-58D6-4AF2-9033-BC322498C5BA}.Debug|Any CPU.Build.0 = Debug|Any CPU
		{CF6CCEB8-58D6-4AF2-9033-BC322498C5BA}.Release|Any CPU.ActiveCfg = Release|Any CPU
		{CF6CCEB8-58D6-4AF2-9033-BC322498C5BA}.Release|Any CPU.Build.0 = Release|Any CPU
		{C87FFBF8-47A5-4B27-9F53-9DBA1CD573EA}.Debug|Any CPU.ActiveCfg = Debug|Any CPU
		{C87FFBF8-47A5-4B27-9F53-9DBA1CD573EA}.Debug|Any CPU.Build.0 = Debug|Any CPU
		{C87FFBF8-47A5-4B27-9F53-9DBA1CD573EA}.Release|Any CPU.ActiveCfg = Release|Any CPU
		{C87FFBF8-47A5-4B27-9F53-9DBA1CD573EA}.Release|Any CPU.Build.0 = Release|Any CPU
		{921C7B6B-C59D-4168-A992-6332FF14598C}.Debug|Any CPU.ActiveCfg = Debug|Any CPU
		{921C7B6B-C59D-4168-A992-6332FF14598C}.Debug|Any CPU.Build.0 = Debug|Any CPU
		{921C7B6B-C59D-4168-A992-6332FF14598C}.Release|Any CPU.ActiveCfg = Release|Any CPU
		{921C7B6B-C59D-4168-A992-6332FF14598C}.Release|Any CPU.Build.0 = Release|Any CPU
		{A75FBB67-5EAB-491B-9FB1-319390AC08B6}.Debug|Any CPU.ActiveCfg = Debug|Any CPU
		{A75FBB67-5EAB-491B-9FB1-319390AC08B6}.Debug|Any CPU.Build.0 = Debug|Any CPU
		{A75FBB67-5EAB-491B-9FB1-319390AC08B6}.Release|Any CPU.ActiveCfg = Release|Any CPU
		{A75FBB67-5EAB-491B-9FB1-319390AC08B6}.Release|Any CPU.Build.0 = Release|Any CPU
	EndGlobalSection
	GlobalSection(SolutionProperties) = preSolution
		HideSolutionNode = FALSE
	EndGlobalSection
EndGlobal
