
Microsoft Visual Studio Solution File, Format Version 12.00
# Visual Studio 14
VisualStudioVersion = 14.0.24720.0
MinimumVisualStudioVersion = 10.0.40219.1
Project("{FAE04EC0-301F-11D3-BF4B-00C04F79EFBC}") = "01. SayHello", "SayHello\01. SayHello.csproj", "{FC23B7F3-063B-4AC5-8860-B5636A3D4C60}"
EndProject
Project("{FAE04EC0-301F-11D3-BF4B-00C04F79EFBC}") = "02. GetLargestNumber", "GetLargestNumber\02. GetLargestNumber.csproj", "{974A79C5-70CD-4E6A-8200-076C115C2FB9}"
EndProject
Project("{FAE04EC0-301F-11D3-BF4B-00C04F79EFBC}") = "03. EnglishDigit", "EnglishDigit\03. EnglishDigit.csproj", "{F7AB73D8-2C9C-4C22-A728-B5171A0EF4AF}"
EndProject
Project("{FAE04EC0-301F-11D3-BF4B-00C04F79EFBC}") = "04. AppearanceCount", "AppearanceCount\04. AppearanceCount.csproj", "{415D679E-70C0-42BC-8A40-8960D77A38DA}"
EndProject
Project("{FAE04EC0-301F-11D3-BF4B-00C04F79EFBC}") = "05. LargerThanNeighbours", "LargerThanNeighbours\05. LargerThanNeighbours.csproj", "{2C7E0C36-07A4-432E-8D57-6F8775683621}"
EndProject
Project("{FAE04EC0-301F-11D3-BF4B-00C04F79EFBC}") = "06. FirstLargerThanNeighbours", "FirstLargerThanNeighbours\06. FirstLargerThanNeighbours.csproj", "{F5BC3BF5-A6DF-4F2F-952F-9ADFF9A2ED29}"
EndProject
Project("{FAE04EC0-301F-11D3-BF4B-00C04F79EFBC}") = "07. ReverseNumber", "ReverseNumber\07. ReverseNumber.csproj", "{7F54EFC9-0F0B-4974-A790-23466844022F}"
EndProject
Project("{FAE04EC0-301F-11D3-BF4B-00C04F79EFBC}") = "08. NumberAsArray", "NumberAsArray\08. NumberAsArray.csproj", "{5FC6149A-2451-4BC4-9191-DEB86C2DF36F}"
EndProject
Project("{FAE04EC0-301F-11D3-BF4B-00C04F79EFBC}") = "09. SortingArray", "SortingArray\09. SortingArray.csproj", "{0B0183C5-3DA7-418A-812F-2F1C92BECE25}"
EndProject
Project("{FAE04EC0-301F-11D3-BF4B-00C04F79EFBC}") = "10. NFactorial", "NFactorial\10. NFactorial.csproj", "{72DB7002-7360-4B51-9A15-863D0A561958}"
EndProject
Project("{FAE04EC0-301F-11D3-BF4B-00C04F79EFBC}") = "11. AddingPolynomials", "AddingPolynomials\11. AddingPolynomials.csproj", "{A61270C2-5D4E-46ED-AEB0-DBC475B0E1FA}"
EndProject
Project("{FAE04EC0-301F-11D3-BF4B-00C04F79EFBC}") = "12. SubtractingPolynomials", "SubtractingPolynomials\12. SubtractingPolynomials.csproj", "{EE9A7176-4CB2-4F06-A514-045F722E1DEB}"
EndProject
Project("{FAE04EC0-301F-11D3-BF4B-00C04F79EFBC}") = "13. SolveTasks", "SolveTasks\13. SolveTasks.csproj", "{56438866-91A5-4D3B-BA73-777CB2D906C8}"
EndProject
Project("{FAE04EC0-301F-11D3-BF4B-00C04F79EFBC}") = "14. IntegerCalculations", "IntegerCalculations\14. IntegerCalculations.csproj", "{82CD0118-3F6D-4EDE-ACAB-2850763C6DEA}"
EndProject
Project("{FAE04EC0-301F-11D3-BF4B-00C04F79EFBC}") = "15. NumberCalculations", "NumberCalculations\15. NumberCalculations.csproj", "{E0010CEF-6B1E-4A43-A913-36F8BA4585DF}"
EndProject
Global
	GlobalSection(SolutionConfigurationPlatforms) = preSolution
		Debug|Any CPU = Debug|Any CPU
		Release|Any CPU = Release|Any CPU
	EndGlobalSection
	GlobalSection(ProjectConfigurationPlatforms) = postSolution
		{FC23B7F3-063B-4AC5-8860-B5636A3D4C60}.Debug|Any CPU.ActiveCfg = Debug|Any CPU
		{FC23B7F3-063B-4AC5-8860-B5636A3D4C60}.Debug|Any CPU.Build.0 = Debug|Any CPU
		{FC23B7F3-063B-4AC5-8860-B5636A3D4C60}.Release|Any CPU.ActiveCfg = Release|Any CPU
		{FC23B7F3-063B-4AC5-8860-B5636A3D4C60}.Release|Any CPU.Build.0 = Release|Any CPU
		{974A79C5-70CD-4E6A-8200-076C115C2FB9}.Debug|Any CPU.ActiveCfg = Debug|Any CPU
		{974A79C5-70CD-4E6A-8200-076C115C2FB9}.Debug|Any CPU.Build.0 = Debug|Any CPU
		{974A79C5-70CD-4E6A-8200-076C115C2FB9}.Release|Any CPU.ActiveCfg = Release|Any CPU
		{974A79C5-70CD-4E6A-8200-076C115C2FB9}.Release|Any CPU.Build.0 = Release|Any CPU
		{F7AB73D8-2C9C-4C22-A728-B5171A0EF4AF}.Debug|Any CPU.ActiveCfg = Debug|Any CPU
		{F7AB73D8-2C9C-4C22-A728-B5171A0EF4AF}.Debug|Any CPU.Build.0 = Debug|Any CPU
		{F7AB73D8-2C9C-4C22-A728-B5171A0EF4AF}.Release|Any CPU.ActiveCfg = Release|Any CPU
		{F7AB73D8-2C9C-4C22-A728-B5171A0EF4AF}.Release|Any CPU.Build.0 = Release|Any CPU
		{415D679E-70C0-42BC-8A40-8960D77A38DA}.Debug|Any CPU.ActiveCfg = Debug|Any CPU
		{415D679E-70C0-42BC-8A40-8960D77A38DA}.Debug|Any CPU.Build.0 = Debug|Any CPU
		{415D679E-70C0-42BC-8A40-8960D77A38DA}.Release|Any CPU.ActiveCfg = Release|Any CPU
		{415D679E-70C0-42BC-8A40-8960D77A38DA}.Release|Any CPU.Build.0 = Release|Any CPU
		{2C7E0C36-07A4-432E-8D57-6F8775683621}.Debug|Any CPU.ActiveCfg = Debug|Any CPU
		{2C7E0C36-07A4-432E-8D57-6F8775683621}.Debug|Any CPU.Build.0 = Debug|Any CPU
		{2C7E0C36-07A4-432E-8D57-6F8775683621}.Release|Any CPU.ActiveCfg = Release|Any CPU
		{2C7E0C36-07A4-432E-8D57-6F8775683621}.Release|Any CPU.Build.0 = Release|Any CPU
		{F5BC3BF5-A6DF-4F2F-952F-9ADFF9A2ED29}.Debug|Any CPU.ActiveCfg = Debug|Any CPU
		{F5BC3BF5-A6DF-4F2F-952F-9ADFF9A2ED29}.Debug|Any CPU.Build.0 = Debug|Any CPU
		{F5BC3BF5-A6DF-4F2F-952F-9ADFF9A2ED29}.Release|Any CPU.ActiveCfg = Release|Any CPU
		{F5BC3BF5-A6DF-4F2F-952F-9ADFF9A2ED29}.Release|Any CPU.Build.0 = Release|Any CPU
		{7F54EFC9-0F0B-4974-A790-23466844022F}.Debug|Any CPU.ActiveCfg = Debug|Any CPU
		{7F54EFC9-0F0B-4974-A790-23466844022F}.Debug|Any CPU.Build.0 = Debug|Any CPU
		{7F54EFC9-0F0B-4974-A790-23466844022F}.Release|Any CPU.ActiveCfg = Release|Any CPU
		{7F54EFC9-0F0B-4974-A790-23466844022F}.Release|Any CPU.Build.0 = Release|Any CPU
		{5FC6149A-2451-4BC4-9191-DEB86C2DF36F}.Debug|Any CPU.ActiveCfg = Debug|Any CPU
		{5FC6149A-2451-4BC4-9191-DEB86C2DF36F}.Debug|Any CPU.Build.0 = Debug|Any CPU
		{5FC6149A-2451-4BC4-9191-DEB86C2DF36F}.Release|Any CPU.ActiveCfg = Release|Any CPU
		{5FC6149A-2451-4BC4-9191-DEB86C2DF36F}.Release|Any CPU.Build.0 = Release|Any CPU
		{0B0183C5-3DA7-418A-812F-2F1C92BECE25}.Debug|Any CPU.ActiveCfg = Debug|Any CPU
		{0B0183C5-3DA7-418A-812F-2F1C92BECE25}.Debug|Any CPU.Build.0 = Debug|Any CPU
		{0B0183C5-3DA7-418A-812F-2F1C92BECE25}.Release|Any CPU.ActiveCfg = Release|Any CPU
		{0B0183C5-3DA7-418A-812F-2F1C92BECE25}.Release|Any CPU.Build.0 = Release|Any CPU
		{72DB7002-7360-4B51-9A15-863D0A561958}.Debug|Any CPU.ActiveCfg = Debug|Any CPU
		{72DB7002-7360-4B51-9A15-863D0A561958}.Debug|Any CPU.Build.0 = Debug|Any CPU
		{72DB7002-7360-4B51-9A15-863D0A561958}.Release|Any CPU.ActiveCfg = Release|Any CPU
		{72DB7002-7360-4B51-9A15-863D0A561958}.Release|Any CPU.Build.0 = Release|Any CPU
		{A61270C2-5D4E-46ED-AEB0-DBC475B0E1FA}.Debug|Any CPU.ActiveCfg = Debug|Any CPU
		{A61270C2-5D4E-46ED-AEB0-DBC475B0E1FA}.Debug|Any CPU.Build.0 = Debug|Any CPU
		{A61270C2-5D4E-46ED-AEB0-DBC475B0E1FA}.Release|Any CPU.ActiveCfg = Release|Any CPU
		{A61270C2-5D4E-46ED-AEB0-DBC475B0E1FA}.Release|Any CPU.Build.0 = Release|Any CPU
		{EE9A7176-4CB2-4F06-A514-045F722E1DEB}.Debug|Any CPU.ActiveCfg = Debug|Any CPU
		{EE9A7176-4CB2-4F06-A514-045F722E1DEB}.Debug|Any CPU.Build.0 = Debug|Any CPU
		{EE9A7176-4CB2-4F06-A514-045F722E1DEB}.Release|Any CPU.ActiveCfg = Release|Any CPU
		{EE9A7176-4CB2-4F06-A514-045F722E1DEB}.Release|Any CPU.Build.0 = Release|Any CPU
		{56438866-91A5-4D3B-BA73-777CB2D906C8}.Debug|Any CPU.ActiveCfg = Debug|Any CPU
		{56438866-91A5-4D3B-BA73-777CB2D906C8}.Debug|Any CPU.Build.0 = Debug|Any CPU
		{56438866-91A5-4D3B-BA73-777CB2D906C8}.Release|Any CPU.ActiveCfg = Release|Any CPU
		{56438866-91A5-4D3B-BA73-777CB2D906C8}.Release|Any CPU.Build.0 = Release|Any CPU
		{82CD0118-3F6D-4EDE-ACAB-2850763C6DEA}.Debug|Any CPU.ActiveCfg = Debug|Any CPU
		{82CD0118-3F6D-4EDE-ACAB-2850763C6DEA}.Debug|Any CPU.Build.0 = Debug|Any CPU
		{82CD0118-3F6D-4EDE-ACAB-2850763C6DEA}.Release|Any CPU.ActiveCfg = Release|Any CPU
		{82CD0118-3F6D-4EDE-ACAB-2850763C6DEA}.Release|Any CPU.Build.0 = Release|Any CPU
		{E0010CEF-6B1E-4A43-A913-36F8BA4585DF}.Debug|Any CPU.ActiveCfg = Debug|Any CPU
		{E0010CEF-6B1E-4A43-A913-36F8BA4585DF}.Debug|Any CPU.Build.0 = Debug|Any CPU
		{E0010CEF-6B1E-4A43-A913-36F8BA4585DF}.Release|Any CPU.ActiveCfg = Release|Any CPU
		{E0010CEF-6B1E-4A43-A913-36F8BA4585DF}.Release|Any CPU.Build.0 = Release|Any CPU
	EndGlobalSection
	GlobalSection(SolutionProperties) = preSolution
		HideSolutionNode = FALSE
	EndGlobalSection
EndGlobal
